
Microsoft Visual Studio Solution File, Format Version 12.00
# Visual Studio 15
VisualStudioVersion = 15.0.28307.1062
MinimumVisualStudioVersion = 10.0.40219.1
Project("{9A19103F-16F7-4668-BE54-9A1E7A4F7556}") = "ApiRestFactura", "ApiRestFactura\ApiRestFactura.csproj", "{506F3CFA-9F4E-483C-BEE4-CDA66EDB4598}"
EndProject
Project("{E53339B2-1760-4266-BCC7-CA923CBCF16C}") = "docker-compose", "docker-compose.dcproj", "{86EFAE4E-8890-4BD8-B9DE-504E67B47B44}"
EndProject
Global
	GlobalSection(SolutionConfigurationPlatforms) = preSolution
		Debug|Any CPU = Debug|Any CPU
		Release|Any CPU = Release|Any CPU
	EndGlobalSection
	GlobalSection(ProjectConfigurationPlatforms) = postSolution
		{506F3CFA-9F4E-483C-BEE4-CDA66EDB4598}.Debug|Any CPU.ActiveCfg = Debug|Any CPU
		{506F3CFA-9F4E-483C-BEE4-CDA66EDB4598}.Debug|Any CPU.Build.0 = Debug|Any CPU
		{506F3CFA-9F4E-483C-BEE4-CDA66EDB4598}.Release|Any CPU.ActiveCfg = Release|Any CPU
		{506F3CFA-9F4E-483C-BEE4-CDA66EDB4598}.Release|Any CPU.Build.0 = Release|Any CPU
		{86EFAE4E-8890-4BD8-B9DE-504E67B47B44}.Debug|Any CPU.ActiveCfg = Debug|Any CPU
		{86EFAE4E-8890-4BD8-B9DE-504E67B47B44}.Debug|Any CPU.Build.0 = Debug|Any CPU
		{86EFAE4E-8890-4BD8-B9DE-504E67B47B44}.Release|Any CPU.ActiveCfg = Release|Any CPU
		{86EFAE4E-8890-4BD8-B9DE-504E67B47B44}.Release|Any CPU.Build.0 = Release|Any CPU
	EndGlobalSection
	GlobalSection(SolutionProperties) = preSolution
		HideSolutionNode = FALSE
	EndGlobalSection
	GlobalSection(ExtensibilityGlobals) = postSolution
		SolutionGuid = {0FA6D876-81D1-4D3E-AABF-384E41C138EF}
	EndGlobalSection
EndGlobal
